{
  "nodes": {
    "dotfiles": {
      "flake": false,
      "locked": {
        "lastModified": 1770848737,
        "narHash": "sha256-PbOmMNVs0QN7OWnJOWqqkvsTVYRDhB3K3+6fsSIFAB8=",
        "owner": "Zareix",
        "repo": "dotfiles",
        "rev": "046813d9634f67056a2539e36138576edd1868ea",
        "type": "github"
      },
      "original": {
        "owner": "Zareix",
        "repo": "dotfiles",
        "type": "github"
      }
    },
    "gitwatch": {
      "flake": false,
      "locked": {
        "lastModified": 1773257580,
        "narHash": "sha256-KREIAuUP7DQvlw1eLksfSQqBHpkKih53jtW3n3HDOSA=",
        "owner": "gitwatch",
        "repo": "gitwatch",
        "rev": "59bbed5e0a23143d8b285cc07e491d0daa716393",
        "type": "github"
      },
      "original": {
        "owner": "gitwatch",
        "repo": "gitwatch",
        "type": "github"
      }
    },
    "home-manager": {
      "inputs": {
        "nixpkgs": [
          "nixpkgs"
        ]
      },
      "locked": {
        "lastModified": 1773264488,
        "narHash": "sha256-rK0507bDuWBrZo+0zts9bCs/+RRUEHuvFE5DHWPxX/Q=",
        "owner": "nix-community",
        "repo": "home-manager",
        "rev": "5c0f63f8d55040a7eed69df7e3fcdd15dfb5a04c",
        "type": "github"
      },
      "original": {
        "owner": "nix-community",
        "ref": "release-25.11",
        "repo": "home-manager",
        "type": "github"
      }
    },
    "nixpkgs": {
      "locked": {
        "lastModified": 1773068389,
        "narHash": "sha256-vMrm7Pk2hjBRPnCSjhq1pH0bg350Z+pXhqZ9ICiqqCs=",
        "owner": "NixOS",
        "repo": "nixpkgs",
        "rev": "44bae273f9f82d480273bab26f5c50de3724f52f",
        "type": "github"
      },
      "original": {
        "owner": "NixOS",
        "ref": "nixos-25.11",
        "repo": "nixpkgs",
        "type": "github"
      }
    },
    "nixpkgs-unstable": {
      "locked": {
        "lastModified": 1773110118,
        "narHash": "sha256-mPAG8phMbCReKSiKAijjjd3v7uVcJOQ75gSjGJjt/Rk=",
        "owner": "nixos",
        "repo": "nixpkgs",
        "rev": "e607cb5360ff1234862ac9f8839522becb853bb9",
        "type": "github"
      },
      "original": {
        "owner": "nixos",
        "ref": "nixpkgs-unstable",
        "repo": "nixpkgs",
        "type": "github"
      }
    },
    "root": {
      "inputs": {
        "dotfiles": "dotfiles",
        "gitwatch": "gitwatch",
        "home-manager": "home-manager",
        "nixpkgs": "nixpkgs",
        "nixpkgs-unstable": "nixpkgs-unstable"
      }
    }
  },
  "root": "root",
  "version": 7
}
