name: "Update Nix dependencies"

on:
  push:
    branches:
      - main
  workflow_dispatch: # allows manual triggering
  schedule:
    - cron: "0 0 * * *" # runs daily at midnight

jobs:
  nix-flake-update:
    runs-on: ubuntu-latest
    steps:
      - uses: actions/checkout@v6
        with:
          fetch-depth: 0

      - name: Install Nix
        uses: cachix/install-nix-action@v31
        with:
          github_access_token: ${{ secrets.GITHUB_TOKEN }}

      - name: Update Nix flake inputs
        uses: DeterminateSystems/update-flake-lock@v28
        with:
          pr-title: "chore(deps): update Nix flake inputs"
